// !$*UTF8*$!
{
	archiveVersion = 1;
	classes = {
	};
	objectVersion = 50;
	objects = {

/* Begin PBXBuildFile section */
		6AAE8521225D7DFA00BFF416 /* ros2_pytorch.cpp in Sources */ = {isa = PBXBuildFile; fileRef = 6AAE8520225D7DFA00BFF416 /* ros2_pytorch.cpp */; };
/* End PBXBuildFile section */

/* Begin PBXCopyFilesBuildPhase section */
		6AAE8513225D7DD000BFF416 /* CopyFiles */ = {
			isa = PBXCopyFilesBuildPhase;
			buildActionMask = 2147483647;
			dstPath = /usr/share/man/man1/;
			dstSubfolderSpec = 0;
			files = (
			);
			runOnlyForDeploymentPostprocessing = 1;
		};
/* End PBXCopyFilesBuildPhase section */

/* Begin PBXFileReference section */
		6AAE8515225D7DD000BFF416 /* ros2_pytorch */ = {isa = PBXFileReference; explicitFileType = "compiled.mach-o.executable"; includeInIndex = 0; path = ros2_pytorch; sourceTree = BUILT_PRODUCTS_DIR; };
		6AAE8520225D7DFA00BFF416 /* ros2_pytorch.cpp */ = {isa = PBXFileReference; fileEncoding = 4; lastKnownFileType = sourcecode.cpp.cpp; path = ros2_pytorch.cpp; sourceTree = "<group>"; };
		6AAE8523225D7E0600BFF416 /* ros2_pytorch.hpp */ = {isa = PBXFileReference; fileEncoding = 4; lastKnownFileType = sourcecode.cpp.h; path = ros2_pytorch.hpp; sourceTree = "<group>"; };
		6AAE8524225D7E3100BFF416 /* CMakeLists.txt */ = {isa = PBXFileReference; lastKnownFileType = text; path = CMakeLists.txt; sourceTree = "<group>"; };
		6AAE8525225D7E3200BFF416 /* package.xml */ = {isa = PBXFileReference; lastKnownFileType = text.xml; path = package.xml; sourceTree = "<group>"; };
/* End PBXFileReference section */

/* Begin PBXFrameworksBuildPhase section */
		6AAE8512225D7DD000BFF416 /* Frameworks */ = {
			isa = PBXFrameworksBuildPhase;
			buildActionMask = 2147483647;
			files = (
			);
			runOnlyForDeploymentPostprocessing = 0;
		};
/* End PBXFrameworksBuildPhase section */

/* Begin PBXGroup section */
		6AAE850C225D7DD000BFF416 = {
			isa = PBXGroup;
			children = (
				6AAE8522225D7E0600BFF416 /* include */,
				6AAE851F225D7DFA00BFF416 /* src */,
				6AAE8516225D7DD000BFF416 /* Products */,
				6AAE8524225D7E3100BFF416 /* CMakeLists.txt */,
				6AAE8525225D7E3200BFF416 /* package.xml */,
			);
			sourceTree = "<group>";
		};
		6AAE8516225D7DD000BFF416 /* Products */ = {
			isa = PBXGroup;
			children = (
				6AAE8515225D7DD000BFF416 /* ros2_pytorch */,
			);
			name = Products;
			sourceTree = "<group>";
		};
		6AAE851F225D7DFA00BFF416 /* src */ = {
			isa = PBXGroup;
			children = (
				6AAE8523225D7E0600BFF416 /* ros2_pytorch.hpp */,
				6AAE8520225D7DFA00BFF416 /* ros2_pytorch.cpp */,
			);
			path = src;
			sourceTree = "<group>";
		};
		6AAE8522225D7E0600BFF416 /* include */ = {
			isa = PBXGroup;
			children = (
			);
			path = include;
			sourceTree = "<group>";
		};
/* End PBXGroup section */

/* Begin PBXNativeTarget section */
		6AAE8514225D7DD000BFF416 /* ros2_pytorch */ = {
			isa = PBXNativeTarget;
			buildConfigurationList = 6AAE851C225D7DD000BFF416 /* Build configuration list for PBXNativeTarget "ros2_pytorch" */;
			buildPhases = (
				6AAE8511225D7DD000BFF416 /* Sources */,
				6AAE8512225D7DD000BFF416 /* Frameworks */,
				6AAE8513225D7DD000BFF416 /* CopyFiles */,
			);
			buildRules = (
			);
			dependencies = (
			);
			name = ros2_pytorch;
			productName = ros2_pytorch;
			productReference = 6AAE8515225D7DD000BFF416 /* ros2_pytorch */;
			productType = "com.apple.product-type.tool";
		};
/* End PBXNativeTarget section */

/* Begin PBXProject section */
		6AAE850D225D7DD000BFF416 /* Project object */ = {
			isa = PBXProject;
			attributes = {
				LastUpgradeCheck = 1020;
				ORGANIZATIONNAME = "Andreas Klintberg";
				TargetAttributes = {
					6AAE8514225D7DD000BFF416 = {
						CreatedOnToolsVersion = 10.2;
					};
				};
			};
			buildConfigurationList = 6AAE8510225D7DD000BFF416 /* Build configuration list for PBXProject "ros2_pytorch" */;
			compatibilityVersion = "Xcode 9.3";
			developmentRegion = en;
			hasScannedForEncodings = 0;
			knownRegions = (
				en,
			);
			mainGroup = 6AAE850C225D7DD000BFF416;
			productRefGroup = 6AAE8516225D7DD000BFF416 /* Products */;
			projectDirPath = "";
			projectRoot = "";
			targets = (
				6AAE8514225D7DD000BFF416 /* ros2_pytorch */,
			);
		};
/* End PBXProject section */

/* Begin PBXSourcesBuildPhase section */
		6AAE8511225D7DD000BFF416 /* Sources */ = {
			isa = PBXSourcesBuildPhase;
			buildActionMask = 2147483647;
			files = (
				6AAE8521225D7DFA00BFF416 /* ros2_pytorch.cpp in Sources */,
			);
			runOnlyForDeploymentPostprocessing = 0;
		};
/* End PBXSourcesBuildPhase section */

/* Begin XCBuildConfiguration section */
		6AAE851A225D7DD000BFF416 /* Debug */ = {
			isa = XCBuildConfiguration;
			buildSettings = {
				ALWAYS_SEARCH_USER_PATHS = NO;
				CLANG_ANALYZER_NONNULL = YES;
				CLANG_ANALYZER_NUMBER_OBJECT_CONVERSION = YES_AGGRESSIVE;
				CLANG_CXX_LANGUAGE_STANDARD = "gnu++14";
				CLANG_CXX_LIBRARY = "libc++";
				CLANG_ENABLE_MODULES = YES;
				CLANG_ENABLE_OBJC_ARC = YES;
				CLANG_ENABLE_OBJC_WEAK = YES;
				CLANG_WARN_BLOCK_CAPTURE_AUTORELEASING = YES;
				CLANG_WARN_BOOL_CONVERSION = YES;
				CLANG_WARN_COMMA = YES;
				CLANG_WARN_CONSTANT_CONVERSION = YES;
				CLANG_WARN_DEPRECATED_OBJC_IMPLEMENTATIONS = YES;
				CLANG_WARN_DIRECT_OBJC_ISA_USAGE = YES_ERROR;
				CLANG_WARN_DOCUMENTATION_COMMENTS = YES;
				CLANG_WARN_EMPTY_BODY = YES;
				CLANG_WARN_ENUM_CONVERSION = YES;
				CLANG_WARN_INFINITE_RECURSION = YES;
				CLANG_WARN_INT_CONVERSION = YES;
				CLANG_WARN_NON_LITERAL_NULL_CONVERSION = YES;
				CLANG_WARN_OBJC_IMPLICIT_RETAIN_SELF = YES;
				CLANG_WARN_OBJC_LITERAL_CONVERSION = YES;
				CLANG_WARN_OBJC_ROOT_CLASS = YES_ERROR;
				CLANG_WARN_RANGE_LOOP_ANALYSIS = YES;
				CLANG_WARN_STRICT_PROTOTYPES = YES;
				CLANG_WARN_SUSPICIOUS_MOVE = YES;
				CLANG_WARN_UNGUARDED_AVAILABILITY = YES_AGGRESSIVE;
				CLANG_WARN_UNREACHABLE_CODE = YES;
				CLANG_WARN__DUPLICATE_METHOD_MATCH = YES;
				CODE_SIGN_IDENTITY = "-";
				COPY_PHASE_STRIP = NO;
				DEBUG_INFORMATION_FORMAT = dwarf;
				ENABLE_STRICT_OBJC_MSGSEND = YES;
				ENABLE_TESTABILITY = YES;
				GCC_C_LANGUAGE_STANDARD = gnu11;
				GCC_DYNAMIC_NO_PIC = NO;
				GCC_NO_COMMON_BLOCKS = YES;
				GCC_OPTIMIZATION_LEVEL = 0;
				GCC_PREPROCESSOR_DEFINITIONS = (
					"DEBUG=1",
					"$(inherited)",
				);
				GCC_WARN_64_TO_32_BIT_CONVERSION = YES;
				GCC_WARN_ABOUT_RETURN_TYPE = YES_ERROR;
				GCC_WARN_UNDECLARED_SELECTOR = YES;
				GCC_WARN_UNINITIALIZED_AUTOS = YES_AGGRESSIVE;
				GCC_WARN_UNUSED_FUNCTION = YES;
				GCC_WARN_UNUSED_VARIABLE = YES;
				MACOSX_DEPLOYMENT_TARGET = 10.14;
				MTL_ENABLE_DEBUG_INFO = INCLUDE_SOURCE;
				MTL_FAST_MATH = YES;
				ONLY_ACTIVE_ARCH = YES;
				SDKROOT = macosx;
			};
			name = Debug;
		};
		6AAE851B225D7DD000BFF416 /* Release */ = {
			isa = XCBuildConfiguration;
			buildSettings = {
				ALWAYS_SEARCH_USER_PATHS = NO;
				CLANG_ANALYZER_NONNULL = YES;
				CLANG_ANALYZER_NUMBER_OBJECT_CONVERSION = YES_AGGRESSIVE;
				CLANG_CXX_LANGUAGE_STANDARD = "gnu++14";
				CLANG_CXX_LIBRARY = "libc++";
				CLANG_ENABLE_MODULES = YES;
				CLANG_ENABLE_OBJC_ARC = YES;
				CLANG_ENABLE_OBJC_WEAK = YES;
				CLANG_WARN_BLOCK_CAPTURE_AUTORELEASING = YES;
				CLANG_WARN_BOOL_CONVERSION = YES;
				CLANG_WARN_COMMA = YES;
				CLANG_WARN_CONSTANT_CONVERSION = YES;
				CLANG_WARN_DEPRECATED_OBJC_IMPLEMENTATIONS = YES;
				CLANG_WARN_DIRECT_OBJC_ISA_USAGE = YES_ERROR;
				CLANG_WARN_DOCUMENTATION_COMMENTS = YES;
				CLANG_WARN_EMPTY_BODY = YES;
				CLANG_WARN_ENUM_CONVERSION = YES;
				CLANG_WARN_INFINITE_RECURSION = YES;
				CLANG_WARN_INT_CONVERSION = YES;
				CLANG_WARN_NON_LITERAL_NULL_CONVERSION = YES;
				CLANG_WARN_OBJC_IMPLICIT_RETAIN_SELF = YES;
				CLANG_WARN_OBJC_LITERAL_CONVERSION = YES;
				CLANG_WARN_OBJC_ROOT_CLASS = YES_ERROR;
				CLANG_WARN_RANGE_LOOP_ANALYSIS = YES;
				CLANG_WARN_STRICT_PROTOTYPES = YES;
				CLANG_WARN_SUSPICIOUS_MOVE = YES;
				CLANG_WARN_UNGUARDED_AVAILABILITY = YES_AGGRESSIVE;
				CLANG_WARN_UNREACHABLE_CODE = YES;
				CLANG_WARN__DUPLICATE_METHOD_MATCH = YES;
				CODE_SIGN_IDENTITY = "-";
				COPY_PHASE_STRIP = NO;
				DEBUG_INFORMATION_FORMAT = "dwarf-with-dsym";
				ENABLE_NS_ASSERTIONS = NO;
				ENABLE_STRICT_OBJC_MSGSEND = YES;
				GCC_C_LANGUAGE_STANDARD = gnu11;
				GCC_NO_COMMON_BLOCKS = YES;
				GCC_WARN_64_TO_32_BIT_CONVERSION = YES;
				GCC_WARN_ABOUT_RETURN_TYPE = YES_ERROR;
				GCC_WARN_UNDECLARED_SELECTOR = YES;
				GCC_WARN_UNINITIALIZED_AUTOS = YES_AGGRESSIVE;
				GCC_WARN_UNUSED_FUNCTION = YES;
				GCC_WARN_UNUSED_VARIABLE = YES;
				MACOSX_DEPLOYMENT_TARGET = 10.14;
				MTL_ENABLE_DEBUG_INFO = NO;
				MTL_FAST_MATH = YES;
				SDKROOT = macosx;
			};
			name = Release;
		};
		6AAE851D225D7DD000BFF416 /* Debug */ = {
			isa = XCBuildConfiguration;
			buildSettings = {
				CODE_SIGN_STYLE = Automatic;
				HEADER_SEARCH_PATHS = (
					"/Users/andreasklintberg/personal/ros2/ros2-osx-crystal-pr2/include",
					include,
					/Users/andreasklintberg/personal/vision_opencv/cv_bridge/install/cv_bridge/include,
					"/usr/local/Cellar/opencv@3/3.4.5/include",
				);
				LIBRARY_SEARCH_PATHS = "/Users/andreasklintberg/personal/ros2/ros2-osx-crystal-pr2/lib";
				PRODUCT_NAME = "$(TARGET_NAME)";
			};
			name = Debug;
		};
		6AAE851E225D7DD000BFF416 /* Release */ = {
			isa = XCBuildConfiguration;
			buildSettings = {
				CODE_SIGN_STYLE = Automatic;
				HEADER_SEARCH_PATHS = (
					"/Users/andreasklintberg/personal/ros2/ros2-osx-crystal-pr2/include",
					include,
					/Users/andreasklintberg/personal/vision_opencv/cv_bridge/install/cv_bridge/include,
					"/usr/local/Cellar/opencv@3/3.4.5/include",
				);
				LIBRARY_SEARCH_PATHS = "/Users/andreasklintberg/personal/ros2/ros2-osx-crystal-pr2/lib";
				PRODUCT_NAME = "$(TARGET_NAME)";
			};
			name = Release;
		};
/* End XCBuildConfiguration section */

/* Begin XCConfigurationList section */
		6AAE8510225D7DD000BFF416 /* Build configuration list for PBXProject "ros2_pytorch" */ = {
			isa = XCConfigurationList;
			buildConfigurations = (
				6AAE851A225D7DD000BFF416 /* Debug */,
				6AAE851B225D7DD000BFF416 /* Release */,
			);
			defaultConfigurationIsVisible = 0;
			defaultConfigurationName = Release;
		};
		6AAE851C225D7DD000BFF416 /* Build configuration list for PBXNativeTarget "ros2_pytorch" */ = {
			isa = XCConfigurationList;
			buildConfigurations = (
				6AAE851D225D7DD000BFF416 /* Debug */,
				6AAE851E225D7DD000BFF416 /* Release */,
			);
			defaultConfigurationIsVisible = 0;
			defaultConfigurationName = Release;
		};
/* End XCConfigurationList section */
	};
	rootObject = 6AAE850D225D7DD000BFF416 /* Project object */;
}
